
Microsoft Visual Studio Solution File, Format Version 12.00
# Visual Studio 15
VisualStudioVersion = 15.0.26228.9
MinimumVisualStudioVersion = 10.0.40219.1
Project("{8BC9CEB8-8B4A-11D0-8D11-00A0C91BC942}") = "WanderEngine", "WanderEngine\WanderEngine.vcxproj", "{DACF4783-3B31-4F05-A1A1-C2B578CB58A1}"
	ProjectSection(ProjectDependencies) = postProject
		{9A04CF0C-7279-4856-B7C8-953E40737F81} = {9A04CF0C-7279-4856-B7C8-953E40737F81}
	EndProjectSection
EndProject
Project("{8BC9CEB8-8B4A-11D0-8D11-00A0C91BC942}") = "Time", "WanderEngine\Time.vcxproj", "{9A04CF0C-7279-4856-B7C8-953E40737F81}"
EndProject
Global
	GlobalSection(SolutionConfigurationPlatforms) = preSolution
		Debug|x64 = Debug|x64
		Debug|x86 = Debug|x86
		Release|x64 = Release|x64
		Release|x86 = Release|x86
	EndGlobalSection
	GlobalSection(ProjectConfigurationPlatforms) = postSolution
		{DACF4783-3B31-4F05-A1A1-C2B578CB58A1}.Debug|x64.ActiveCfg = Debug|x64
		{DACF4783-3B31-4F05-A1A1-C2B578CB58A1}.Debug|x64.Build.0 = Debug|x64
		{DACF4783-3B31-4F05-A1A1-C2B578CB58A1}.Debug|x86.ActiveCfg = Debug|Win32
		{DACF4783-3B31-4F05-A1A1-C2B578CB58A1}.Debug|x86.Build.0 = Debug|Win32
		{DACF4783-3B31-4F05-A1A1-C2B578CB58A1}.Release|x64.ActiveCfg = Release|x64
		{DACF4783-3B31-4F05-A1A1-C2B578CB58A1}.Release|x64.Build.0 = Release|x64
		{DACF4783-3B31-4F05-A1A1-C2B578CB58A1}.Release|x86.ActiveCfg = Release|Win32
		{DACF4783-3B31-4F05-A1A1-C2B578CB58A1}.Release|x86.Build.0 = Release|Win32
		{9A04CF0C-7279-4856-B7C8-953E40737F81}.Debug|x64.ActiveCfg = Debug|x64
		{9A04CF0C-7279-4856-B7C8-953E40737F81}.Debug|x64.Build.0 = Debug|x64
		{9A04CF0C-7279-4856-B7C8-953E40737F81}.Debug|x86.ActiveCfg = Debug|Win32
		{9A04CF0C-7279-4856-B7C8-953E40737F81}.Debug|x86.Build.0 = Debug|Win32
		{9A04CF0C-7279-4856-B7C8-953E40737F81}.Release|x64.ActiveCfg = Release|x64
		{9A04CF0C-7279-4856-B7C8-953E40737F81}.Release|x64.Build.0 = Release|x64
		{9A04CF0C-7279-4856-B7C8-953E40737F81}.Release|x86.ActiveCfg = Release|Win32
		{9A04CF0C-7279-4856-B7C8-953E40737F81}.Release|x86.Build.0 = Release|Win32
	EndGlobalSection
	GlobalSection(SolutionProperties) = preSolution
		HideSolutionNode = FALSE
	EndGlobalSection
EndGlobal
